
Microsoft Visual Studio Solution File, Format Version 12.00
# Visual Studio Version 17
VisualStudioVersion = 17.8.34511.84
MinimumVisualStudioVersion = 10.0.40219.1
Project("{FAE04EC0-301F-11D3-BF4B-00C04F79EFBC}") = "HelloCS", "HelloCS\HelloCS.csproj", "{8861F619-6776-44F7-A53F-E87DBC658C04}"
EndProject
Project("{FAE04EC0-301F-11D3-BF4B-00C04F79EFBC}") = "AboutMyEnvironment", "AboutMyEnvironment\AboutMyEnvironment.csproj", "{8DE37881-742C-4990-8827-D46147634982}"
EndProject
Global
	GlobalSection(SolutionConfigurationPlatforms) = preSolution
		Debug|Any CPU = Debug|Any CPU
		Release|Any CPU = Release|Any CPU
	EndGlobalSection
	GlobalSection(ProjectConfigurationPlatforms) = postSolution
		{8861F619-6776-44F7-A53F-E87DBC658C04}.Debug|Any CPU.ActiveCfg = Debug|Any CPU
		{8861F619-6776-44F7-A53F-E87DBC658C04}.Debug|Any CPU.Build.0 = Debug|Any CPU
		{8861F619-6776-44F7-A53F-E87DBC658C04}.Release|Any CPU.ActiveCfg = Release|Any CPU
		{8861F619-6776-44F7-A53F-E87DBC658C04}.Release|Any CPU.Build.0 = Release|Any CPU
		{8DE37881-742C-4990-8827-D46147634982}.Debug|Any CPU.ActiveCfg = Debug|Any CPU
		{8DE37881-742C-4990-8827-D46147634982}.Debug|Any CPU.Build.0 = Debug|Any CPU
		{8DE37881-742C-4990-8827-D46147634982}.Release|Any CPU.ActiveCfg = Release|Any CPU
		{8DE37881-742C-4990-8827-D46147634982}.Release|Any CPU.Build.0 = Release|Any CPU
	EndGlobalSection
	GlobalSection(SolutionProperties) = preSolution
		HideSolutionNode = FALSE
	EndGlobalSection
	GlobalSection(ExtensibilityGlobals) = postSolution
		SolutionGuid = {FC33CF0B-5461-4D26-8D2E-6D0CC11FAEA2}
	EndGlobalSection
EndGlobal
